
Microsoft Visual Studio Solution File, Format Version 12.00
Project("{FAE04EC0-301F-11D3-BF4B-00C04F79EFBC}") = "webapi", "webapi\webapi.csproj", "{EF010418-4C2F-4954-A50D-AA84535EC86C}"
EndProject
Global
	GlobalSection(SolutionConfigurationPlatforms) = preSolution
		Debug|Any CPU = Debug|Any CPU
		Release|Any CPU = Release|Any CPU
	EndGlobalSection
	GlobalSection(ProjectConfigurationPlatforms) = postSolution
		{EF010418-4C2F-4954-A50D-AA84535EC86C}.Debug|Any CPU.ActiveCfg = Debug|Any CPU
		{EF010418-4C2F-4954-A50D-AA84535EC86C}.Debug|Any CPU.Build.0 = Debug|Any CPU
		{EF010418-4C2F-4954-A50D-AA84535EC86C}.Release|Any CPU.ActiveCfg = Release|Any CPU
		{EF010418-4C2F-4954-A50D-AA84535EC86C}.Release|Any CPU.Build.0 = Release|Any CPU
	EndGlobalSection
EndGlobal
